
Microsoft Visual Studio Solution File, Format Version 12.00
# Visual Studio Version 16
VisualStudioVersion = 16.0.28809.33
MinimumVisualStudioVersion = 10.0.40219.1
Project("{9A19103F-16F7-4668-BE54-9A1E7A4F7556}") = "Stocks.Data.Model", "Stocks.Data.Model\Stocks.Data.Model.csproj", "{3F5129F2-DAF8-4631-9DB8-C5B47BC8CA15}"
EndProject
Project("{9A19103F-16F7-4668-BE54-9A1E7A4F7556}") = "Stocks.Data.Ef", "Stocks.Data.Ef\Stocks.Data.Ef.csproj", "{9C18CB04-D9E2-4F37-BB1D-0B632B6AA32D}"
EndProject
Project("{9A19103F-16F7-4668-BE54-9A1E7A4F7556}") = "Stocks.Data.Infrastructure", "Stocks.Data.Infrastructure\Stocks.Data.Infrastructure.csproj", "{3C835BC1-945B-4E48-B7D5-9F37F43AF1FF}"
EndProject
Project("{2150E333-8FDC-42A3-9474-1A3956D46DE8}") = "UnitTests", "UnitTests", "{DCE59B71-F1E3-4428-8ADE-2F61D3511609}"
EndProject
Project("{9A19103F-16F7-4668-BE54-9A1E7A4F7556}") = "Stocks.Data.UnitTests.Ef", "Stocks.Data.UnitTests.Ef\Stocks.Data.UnitTests.Ef.csproj", "{9B11A70A-B6F0-4202-901F-AF1E52AF7058}"
EndProject
Project("{9A19103F-16F7-4668-BE54-9A1E7A4F7556}") = "Stocks.Data.UnitTests.Infrastructure", "Stocks.Data.UnitTests.Infrastructure\Stocks.Data.UnitTests.Infrastructure.csproj", "{80EA4F23-4D94-48AB-8B92-73A795C27678}"
EndProject
Project("{9A19103F-16F7-4668-BE54-9A1E7A4F7556}") = "Stocks.Data.UnitTests.Model", "Stocks.Data.UnitTests.Model\Stocks.Data.UnitTests.Model.csproj", "{5A866C2E-451B-427E-BF84-FEEAE2E25110}"
EndProject
Project("{2150E333-8FDC-42A3-9474-1A3956D46DE8}") = "IntegrationTests", "IntegrationTests", "{DBCD98DC-94EB-4EA3-BF19-0E94021AF91D}"
EndProject
Project("{9A19103F-16F7-4668-BE54-9A1E7A4F7556}") = "Stocks.Data.ConsoleTestHarness", "ConsoleTestHarness\Stocks.Data.ConsoleTestHarness.csproj", "{D8DDFC6C-644F-4274-BEA7-B52806361A6C}"
EndProject
Project("{9A19103F-16F7-4668-BE54-9A1E7A4F7556}") = "Stocks.Data.Services", "Stocks.Data.Services\Stocks.Data.Services.csproj", "{70DEAC40-ECB5-4496-9B05-D35C805C79CA}"
EndProject
Project("{9A19103F-16F7-4668-BE54-9A1E7A4F7556}") = "Stocks.Data.UnitTests.Services", "Stocks.Data.UnitTests.Services\Stocks.Data.UnitTests.Services.csproj", "{B8C28809-DD82-4000-9BBA-44176EDF335B}"
EndProject
Project("{9A19103F-16F7-4668-BE54-9A1E7A4F7556}") = "Stocks.Data.Services.TestHarness", "Stocks.Data.Services.TestHarness\Stocks.Data.Services.TestHarness.csproj", "{B7C27ECC-6CB5-4CE0-9A9B-396E64829C15}"
EndProject
Project("{9A19103F-16F7-4668-BE54-9A1E7A4F7556}") = "Stocks.Data.Ado", "Stocks.Data.Ado\Stocks.Data.Ado.csproj", "{9788F825-27FD-405F-BB3D-157A93FE9BF5}"
EndProject
Project("{9A19103F-16F7-4668-BE54-9A1E7A4F7556}") = "Stocks.Data.Api", "Stocks.Data.Api\Stocks.Data.Api.csproj", "{1976A108-31B4-489E-ACA5-189FE2DD7F21}"
EndProject
Project("{9A19103F-16F7-4668-BE54-9A1E7A4F7556}") = "Stocks.Data.Api.TestHarness", "Stocks.Data.Api.TestHarness\Stocks.Data.Api.TestHarness.csproj", "{A26EEF29-7FD6-4FD9-9097-D296324D3E96}"
EndProject
Project("{9A19103F-16F7-4668-BE54-9A1E7A4F7556}") = "Stocks.Data.ConsoleApp", "Stocks.Data.ConsoleApp\Stocks.Data.ConsoleApp.csproj", "{7B98D755-186E-4731-ABB2-A77117A57BDF}"
EndProject
Project("{9A19103F-16F7-4668-BE54-9A1E7A4F7556}") = "Stocks.Data.TradingSimulator", "Stocks.Data.TradingSimulator\Stocks.Data.TradingSimulator.csproj", "{0B443286-EFB2-4AA4-9C13-10C614A08CA2}"
EndProject
Project("{9A19103F-16F7-4668-BE54-9A1E7A4F7556}") = "Stocks.Data.Common", "Stocks.Data.Common\Stocks.Data.Common.csproj", "{44A63088-A184-4B6C-8CF5-765FDA39BEC3}"
EndProject
Project("{FAE04EC0-301F-11D3-BF4B-00C04F79EFBC}") = "Stocks.Data.UnitTests.TradingSimulator", "Stocks.Data.UnitTests.TradingSimulator\Stocks.Data.UnitTests.TradingSimulator.csproj", "{4440140F-5747-429E-874F-450C90F77E03}"
EndProject
Global
	GlobalSection(SolutionConfigurationPlatforms) = preSolution
		Debug|Any CPU = Debug|Any CPU
		Pack|Any CPU = Pack|Any CPU
		Release|Any CPU = Release|Any CPU
	EndGlobalSection
	GlobalSection(ProjectConfigurationPlatforms) = postSolution
		{3F5129F2-DAF8-4631-9DB8-C5B47BC8CA15}.Debug|Any CPU.ActiveCfg = Debug|Any CPU
		{3F5129F2-DAF8-4631-9DB8-C5B47BC8CA15}.Debug|Any CPU.Build.0 = Debug|Any CPU
		{3F5129F2-DAF8-4631-9DB8-C5B47BC8CA15}.Pack|Any CPU.ActiveCfg = Pack|Any CPU
		{3F5129F2-DAF8-4631-9DB8-C5B47BC8CA15}.Pack|Any CPU.Build.0 = Pack|Any CPU
		{3F5129F2-DAF8-4631-9DB8-C5B47BC8CA15}.Release|Any CPU.ActiveCfg = Release|Any CPU
		{3F5129F2-DAF8-4631-9DB8-C5B47BC8CA15}.Release|Any CPU.Build.0 = Release|Any CPU
		{9C18CB04-D9E2-4F37-BB1D-0B632B6AA32D}.Debug|Any CPU.ActiveCfg = Debug|Any CPU
		{9C18CB04-D9E2-4F37-BB1D-0B632B6AA32D}.Debug|Any CPU.Build.0 = Debug|Any CPU
		{9C18CB04-D9E2-4F37-BB1D-0B632B6AA32D}.Pack|Any CPU.ActiveCfg = Pack|Any CPU
		{9C18CB04-D9E2-4F37-BB1D-0B632B6AA32D}.Pack|Any CPU.Build.0 = Pack|Any CPU
		{9C18CB04-D9E2-4F37-BB1D-0B632B6AA32D}.Release|Any CPU.ActiveCfg = Release|Any CPU
		{9C18CB04-D9E2-4F37-BB1D-0B632B6AA32D}.Release|Any CPU.Build.0 = Release|Any CPU
		{3C835BC1-945B-4E48-B7D5-9F37F43AF1FF}.Debug|Any CPU.ActiveCfg = Debug|Any CPU
		{3C835BC1-945B-4E48-B7D5-9F37F43AF1FF}.Debug|Any CPU.Build.0 = Debug|Any CPU
		{3C835BC1-945B-4E48-B7D5-9F37F43AF1FF}.Pack|Any CPU.ActiveCfg = Pack|Any CPU
		{3C835BC1-945B-4E48-B7D5-9F37F43AF1FF}.Pack|Any CPU.Build.0 = Pack|Any CPU
		{3C835BC1-945B-4E48-B7D5-9F37F43AF1FF}.Release|Any CPU.ActiveCfg = Release|Any CPU
		{3C835BC1-945B-4E48-B7D5-9F37F43AF1FF}.Release|Any CPU.Build.0 = Release|Any CPU
		{9B11A70A-B6F0-4202-901F-AF1E52AF7058}.Debug|Any CPU.ActiveCfg = Debug|Any CPU
		{9B11A70A-B6F0-4202-901F-AF1E52AF7058}.Debug|Any CPU.Build.0 = Debug|Any CPU
		{9B11A70A-B6F0-4202-901F-AF1E52AF7058}.Pack|Any CPU.ActiveCfg = Pack|Any CPU
		{9B11A70A-B6F0-4202-901F-AF1E52AF7058}.Pack|Any CPU.Build.0 = Pack|Any CPU
		{9B11A70A-B6F0-4202-901F-AF1E52AF7058}.Release|Any CPU.ActiveCfg = Release|Any CPU
		{9B11A70A-B6F0-4202-901F-AF1E52AF7058}.Release|Any CPU.Build.0 = Release|Any CPU
		{80EA4F23-4D94-48AB-8B92-73A795C27678}.Debug|Any CPU.ActiveCfg = Debug|Any CPU
		{80EA4F23-4D94-48AB-8B92-73A795C27678}.Debug|Any CPU.Build.0 = Debug|Any CPU
		{80EA4F23-4D94-48AB-8B92-73A795C27678}.Pack|Any CPU.ActiveCfg = Pack|Any CPU
		{80EA4F23-4D94-48AB-8B92-73A795C27678}.Pack|Any CPU.Build.0 = Pack|Any CPU
		{80EA4F23-4D94-48AB-8B92-73A795C27678}.Release|Any CPU.ActiveCfg = Release|Any CPU
		{80EA4F23-4D94-48AB-8B92-73A795C27678}.Release|Any CPU.Build.0 = Release|Any CPU
		{5A866C2E-451B-427E-BF84-FEEAE2E25110}.Debug|Any CPU.ActiveCfg = Debug|Any CPU
		{5A866C2E-451B-427E-BF84-FEEAE2E25110}.Debug|Any CPU.Build.0 = Debug|Any CPU
		{5A866C2E-451B-427E-BF84-FEEAE2E25110}.Pack|Any CPU.ActiveCfg = Pack|Any CPU
		{5A866C2E-451B-427E-BF84-FEEAE2E25110}.Pack|Any CPU.Build.0 = Pack|Any CPU
		{5A866C2E-451B-427E-BF84-FEEAE2E25110}.Release|Any CPU.ActiveCfg = Release|Any CPU
		{5A866C2E-451B-427E-BF84-FEEAE2E25110}.Release|Any CPU.Build.0 = Release|Any CPU
		{D8DDFC6C-644F-4274-BEA7-B52806361A6C}.Debug|Any CPU.ActiveCfg = Debug|Any CPU
		{D8DDFC6C-644F-4274-BEA7-B52806361A6C}.Debug|Any CPU.Build.0 = Debug|Any CPU
		{D8DDFC6C-644F-4274-BEA7-B52806361A6C}.Pack|Any CPU.ActiveCfg = Pack|Any CPU
		{D8DDFC6C-644F-4274-BEA7-B52806361A6C}.Pack|Any CPU.Build.0 = Pack|Any CPU
		{D8DDFC6C-644F-4274-BEA7-B52806361A6C}.Release|Any CPU.ActiveCfg = Release|Any CPU
		{D8DDFC6C-644F-4274-BEA7-B52806361A6C}.Release|Any CPU.Build.0 = Release|Any CPU
		{70DEAC40-ECB5-4496-9B05-D35C805C79CA}.Debug|Any CPU.ActiveCfg = Debug|Any CPU
		{70DEAC40-ECB5-4496-9B05-D35C805C79CA}.Debug|Any CPU.Build.0 = Debug|Any CPU
		{70DEAC40-ECB5-4496-9B05-D35C805C79CA}.Pack|Any CPU.ActiveCfg = Pack|Any CPU
		{70DEAC40-ECB5-4496-9B05-D35C805C79CA}.Pack|Any CPU.Build.0 = Pack|Any CPU
		{70DEAC40-ECB5-4496-9B05-D35C805C79CA}.Release|Any CPU.ActiveCfg = Release|Any CPU
		{70DEAC40-ECB5-4496-9B05-D35C805C79CA}.Release|Any CPU.Build.0 = Release|Any CPU
		{B8C28809-DD82-4000-9BBA-44176EDF335B}.Debug|Any CPU.ActiveCfg = Debug|Any CPU
		{B8C28809-DD82-4000-9BBA-44176EDF335B}.Debug|Any CPU.Build.0 = Debug|Any CPU
		{B8C28809-DD82-4000-9BBA-44176EDF335B}.Pack|Any CPU.ActiveCfg = Pack|Any CPU
		{B8C28809-DD82-4000-9BBA-44176EDF335B}.Pack|Any CPU.Build.0 = Pack|Any CPU
		{B8C28809-DD82-4000-9BBA-44176EDF335B}.Release|Any CPU.ActiveCfg = Release|Any CPU
		{B8C28809-DD82-4000-9BBA-44176EDF335B}.Release|Any CPU.Build.0 = Release|Any CPU
		{B7C27ECC-6CB5-4CE0-9A9B-396E64829C15}.Debug|Any CPU.ActiveCfg = Debug|Any CPU
		{B7C27ECC-6CB5-4CE0-9A9B-396E64829C15}.Debug|Any CPU.Build.0 = Debug|Any CPU
		{B7C27ECC-6CB5-4CE0-9A9B-396E64829C15}.Pack|Any CPU.ActiveCfg = Pack|Any CPU
		{B7C27ECC-6CB5-4CE0-9A9B-396E64829C15}.Pack|Any CPU.Build.0 = Pack|Any CPU
		{B7C27ECC-6CB5-4CE0-9A9B-396E64829C15}.Release|Any CPU.ActiveCfg = Release|Any CPU
		{B7C27ECC-6CB5-4CE0-9A9B-396E64829C15}.Release|Any CPU.Build.0 = Release|Any CPU
		{9788F825-27FD-405F-BB3D-157A93FE9BF5}.Debug|Any CPU.ActiveCfg = Debug|Any CPU
		{9788F825-27FD-405F-BB3D-157A93FE9BF5}.Debug|Any CPU.Build.0 = Debug|Any CPU
		{9788F825-27FD-405F-BB3D-157A93FE9BF5}.Pack|Any CPU.ActiveCfg = Pack|Any CPU
		{9788F825-27FD-405F-BB3D-157A93FE9BF5}.Pack|Any CPU.Build.0 = Pack|Any CPU
		{9788F825-27FD-405F-BB3D-157A93FE9BF5}.Release|Any CPU.ActiveCfg = Release|Any CPU
		{9788F825-27FD-405F-BB3D-157A93FE9BF5}.Release|Any CPU.Build.0 = Release|Any CPU
		{1976A108-31B4-489E-ACA5-189FE2DD7F21}.Debug|Any CPU.ActiveCfg = Debug|Any CPU
		{1976A108-31B4-489E-ACA5-189FE2DD7F21}.Debug|Any CPU.Build.0 = Debug|Any CPU
		{1976A108-31B4-489E-ACA5-189FE2DD7F21}.Pack|Any CPU.ActiveCfg = Debug|Any CPU
		{1976A108-31B4-489E-ACA5-189FE2DD7F21}.Pack|Any CPU.Build.0 = Debug|Any CPU
		{1976A108-31B4-489E-ACA5-189FE2DD7F21}.Release|Any CPU.ActiveCfg = Release|Any CPU
		{1976A108-31B4-489E-ACA5-189FE2DD7F21}.Release|Any CPU.Build.0 = Release|Any CPU
		{A26EEF29-7FD6-4FD9-9097-D296324D3E96}.Debug|Any CPU.ActiveCfg = Debug|Any CPU
		{A26EEF29-7FD6-4FD9-9097-D296324D3E96}.Debug|Any CPU.Build.0 = Debug|Any CPU
		{A26EEF29-7FD6-4FD9-9097-D296324D3E96}.Pack|Any CPU.ActiveCfg = Release|Any CPU
		{A26EEF29-7FD6-4FD9-9097-D296324D3E96}.Pack|Any CPU.Build.0 = Release|Any CPU
		{A26EEF29-7FD6-4FD9-9097-D296324D3E96}.Release|Any CPU.ActiveCfg = Release|Any CPU
		{A26EEF29-7FD6-4FD9-9097-D296324D3E96}.Release|Any CPU.Build.0 = Release|Any CPU
		{7B98D755-186E-4731-ABB2-A77117A57BDF}.Debug|Any CPU.ActiveCfg = Debug|Any CPU
		{7B98D755-186E-4731-ABB2-A77117A57BDF}.Debug|Any CPU.Build.0 = Debug|Any CPU
		{7B98D755-186E-4731-ABB2-A77117A57BDF}.Pack|Any CPU.ActiveCfg = Debug|Any CPU
		{7B98D755-186E-4731-ABB2-A77117A57BDF}.Pack|Any CPU.Build.0 = Debug|Any CPU
		{7B98D755-186E-4731-ABB2-A77117A57BDF}.Release|Any CPU.ActiveCfg = Release|Any CPU
		{7B98D755-186E-4731-ABB2-A77117A57BDF}.Release|Any CPU.Build.0 = Release|Any CPU
		{0B443286-EFB2-4AA4-9C13-10C614A08CA2}.Debug|Any CPU.ActiveCfg = Debug|Any CPU
		{0B443286-EFB2-4AA4-9C13-10C614A08CA2}.Debug|Any CPU.Build.0 = Debug|Any CPU
		{0B443286-EFB2-4AA4-9C13-10C614A08CA2}.Pack|Any CPU.ActiveCfg = Debug|Any CPU
		{0B443286-EFB2-4AA4-9C13-10C614A08CA2}.Pack|Any CPU.Build.0 = Debug|Any CPU
		{0B443286-EFB2-4AA4-9C13-10C614A08CA2}.Release|Any CPU.ActiveCfg = Release|Any CPU
		{0B443286-EFB2-4AA4-9C13-10C614A08CA2}.Release|Any CPU.Build.0 = Release|Any CPU
		{44A63088-A184-4B6C-8CF5-765FDA39BEC3}.Debug|Any CPU.ActiveCfg = Debug|Any CPU
		{44A63088-A184-4B6C-8CF5-765FDA39BEC3}.Debug|Any CPU.Build.0 = Debug|Any CPU
		{44A63088-A184-4B6C-8CF5-765FDA39BEC3}.Pack|Any CPU.ActiveCfg = Debug|Any CPU
		{44A63088-A184-4B6C-8CF5-765FDA39BEC3}.Pack|Any CPU.Build.0 = Debug|Any CPU
		{44A63088-A184-4B6C-8CF5-765FDA39BEC3}.Release|Any CPU.ActiveCfg = Release|Any CPU
		{44A63088-A184-4B6C-8CF5-765FDA39BEC3}.Release|Any CPU.Build.0 = Release|Any CPU
		{4440140F-5747-429E-874F-450C90F77E03}.Debug|Any CPU.ActiveCfg = Debug|Any CPU
		{4440140F-5747-429E-874F-450C90F77E03}.Debug|Any CPU.Build.0 = Debug|Any CPU
		{4440140F-5747-429E-874F-450C90F77E03}.Pack|Any CPU.ActiveCfg = Debug|Any CPU
		{4440140F-5747-429E-874F-450C90F77E03}.Pack|Any CPU.Build.0 = Debug|Any CPU
		{4440140F-5747-429E-874F-450C90F77E03}.Release|Any CPU.ActiveCfg = Release|Any CPU
		{4440140F-5747-429E-874F-450C90F77E03}.Release|Any CPU.Build.0 = Release|Any CPU
	EndGlobalSection
	GlobalSection(SolutionProperties) = preSolution
		HideSolutionNode = FALSE
	EndGlobalSection
	GlobalSection(NestedProjects) = preSolution
		{9B11A70A-B6F0-4202-901F-AF1E52AF7058} = {DCE59B71-F1E3-4428-8ADE-2F61D3511609}
		{80EA4F23-4D94-48AB-8B92-73A795C27678} = {DCE59B71-F1E3-4428-8ADE-2F61D3511609}
		{5A866C2E-451B-427E-BF84-FEEAE2E25110} = {DCE59B71-F1E3-4428-8ADE-2F61D3511609}
		{D8DDFC6C-644F-4274-BEA7-B52806361A6C} = {DBCD98DC-94EB-4EA3-BF19-0E94021AF91D}
		{B8C28809-DD82-4000-9BBA-44176EDF335B} = {DCE59B71-F1E3-4428-8ADE-2F61D3511609}
		{B7C27ECC-6CB5-4CE0-9A9B-396E64829C15} = {DBCD98DC-94EB-4EA3-BF19-0E94021AF91D}
		{A26EEF29-7FD6-4FD9-9097-D296324D3E96} = {DBCD98DC-94EB-4EA3-BF19-0E94021AF91D}
		{4440140F-5747-429E-874F-450C90F77E03} = {DCE59B71-F1E3-4428-8ADE-2F61D3511609}
	EndGlobalSection
	GlobalSection(ExtensibilityGlobals) = postSolution
		SolutionGuid = {D4B49D2B-A681-4B71-A26F-793D479523A6}
	EndGlobalSection
EndGlobal
